// !$*UTF8*$!
{
	archiveVersion = 1;
	classes = {
	};
	objectVersion = 46;
	objects = {

/* Begin PBXBuildFile section */
		288876251719B38900DE7C72 /* Default-568h@2x.png in Resources */ = {isa = PBXBuildFile; fileRef = 2888761C1719B38900DE7C72 /* Default-568h@2x.png */; };
		288876261719B38900DE7C72 /* Default.png in Resources */ = {isa = PBXBuildFile; fileRef = 2888761D1719B38900DE7C72 /* Default.png */; };
		288876271719B38900DE7C72 /* Default@2x.png in Resources */ = {isa = PBXBuildFile; fileRef = 2888761E1719B38900DE7C72 /* Default@2x.png */; };
		288876281719B38900DE7C72 /* InfoPlist.strings in Resources */ = {isa = PBXBuildFile; fileRef = 2888761F1719B38900DE7C72 /* InfoPlist.strings */; };
		288876291719B38900DE7C72 /* main.m in Sources */ = {isa = PBXBuildFile; fileRef = 288876211719B38900DE7C72 /* main.m */; };
		2888762A1719B38900DE7C72 /* Sidekick-Info.plist in Resources */ = {isa = PBXBuildFile; fileRef = 288876221719B38900DE7C72 /* Sidekick-Info.plist */; };
		288876501719CC1D00DE7C72 /* Functions.m in Sources */ = {isa = PBXBuildFile; fileRef = 288876431719CC1D00DE7C72 /* Functions.m */; };
		288876511719CC1D00DE7C72 /* NSArray+Sidekick.m in Sources */ = {isa = PBXBuildFile; fileRef = 288876461719CC1D00DE7C72 /* NSArray+Sidekick.m */; };
		288876521719CC1D00DE7C72 /* NSDate+Sidekick.m in Sources */ = {isa = PBXBuildFile; fileRef = 288876481719CC1D00DE7C72 /* NSDate+Sidekick.m */; };
		288876531719CC1D00DE7C72 /* NSString+Sidekick.m in Sources */ = {isa = PBXBuildFile; fileRef = 2888764A1719CC1D00DE7C72 /* NSString+Sidekick.m */; };
		288876541719CC1D00DE7C72 /* UIColor+Sidekick.m in Sources */ = {isa = PBXBuildFile; fileRef = 2888764D1719CC1D00DE7C72 /* UIColor+Sidekick.m */; };
		288876551719CC1D00DE7C72 /* UIView+Sidekick.m in Sources */ = {isa = PBXBuildFile; fileRef = 2888764F1719CC1D00DE7C72 /* UIView+Sidekick.m */; };
		288876571719CDAB00DE7C72 /* ArrayTest.m in Resources */ = {isa = PBXBuildFile; fileRef = 288876561719CDAB00DE7C72 /* ArrayTest.m */; };
		288876581719CDBD00DE7C72 /* ArrayTest.m in Sources */ = {isa = PBXBuildFile; fileRef = 288876561719CDAB00DE7C72 /* ArrayTest.m */; };
		2888765A1719D3B400DE7C72 /* MacrosTest.m in Sources */ = {isa = PBXBuildFile; fileRef = 288876591719D3B400DE7C72 /* MacrosTest.m */; };
		2888765C17218DA500DE7C72 /* StringTest.m in Sources */ = {isa = PBXBuildFile; fileRef = 2888765B17218DA500DE7C72 /* StringTest.m */; };
		288876611721A8F000DE7C72 /* DateTest.m in Sources */ = {isa = PBXBuildFile; fileRef = 288876601721A8F000DE7C72 /* DateTest.m */; };
		28C2FCC717196762006F462D /* UIKit.framework in Frameworks */ = {isa = PBXBuildFile; fileRef = 28C2FCC617196762006F462D /* UIKit.framework */; };
		28C2FCC917196762006F462D /* Foundation.framework in Frameworks */ = {isa = PBXBuildFile; fileRef = 28C2FCC817196762006F462D /* Foundation.framework */; };
		28C2FCCB17196762006F462D /* CoreGraphics.framework in Frameworks */ = {isa = PBXBuildFile; fileRef = 28C2FCCA17196762006F462D /* CoreGraphics.framework */; };
		B93C285D21A7458DBD6BD344 /* libPods.a in Frameworks */ = {isa = PBXBuildFile; fileRef = AF7D85E636164614B9AAA307 /* libPods.a */; };
/* End PBXBuildFile section */

/* Begin PBXFileReference section */
		2888761C1719B38900DE7C72 /* Default-568h@2x.png */ = {isa = PBXFileReference; lastKnownFileType = image.png; path = "Default-568h@2x.png"; sourceTree = "<group>"; };
		2888761D1719B38900DE7C72 /* Default.png */ = {isa = PBXFileReference; lastKnownFileType = image.png; path = Default.png; sourceTree = "<group>"; };
		2888761E1719B38900DE7C72 /* Default@2x.png */ = {isa = PBXFileReference; lastKnownFileType = image.png; path = "Default@2x.png"; sourceTree = "<group>"; };
		288876201719B38900DE7C72 /* en */ = {isa = PBXFileReference; lastKnownFileType = text.plist.strings; name = en; path = en.lproj/InfoPlist.strings; sourceTree = "<group>"; };
		288876211719B38900DE7C72 /* main.m */ = {isa = PBXFileReference; fileEncoding = 4; lastKnownFileType = sourcecode.c.objc; path = main.m; sourceTree = "<group>"; };
		288876221719B38900DE7C72 /* Sidekick-Info.plist */ = {isa = PBXFileReference; fileEncoding = 4; lastKnownFileType = text.plist.xml; path = "Sidekick-Info.plist"; sourceTree = "<group>"; };
		288876231719B38900DE7C72 /* Sidekick-Prefix.pch */ = {isa = PBXFileReference; fileEncoding = 4; lastKnownFileType = sourcecode.c.h; path = "Sidekick-Prefix.pch"; sourceTree = "<group>"; };
		288876421719CC1D00DE7C72 /* Functions.h */ = {isa = PBXFileReference; fileEncoding = 4; lastKnownFileType = sourcecode.c.h; path = Functions.h; sourceTree = "<group>"; };
		288876431719CC1D00DE7C72 /* Functions.m */ = {isa = PBXFileReference; fileEncoding = 4; lastKnownFileType = sourcecode.c.objc; path = Functions.m; sourceTree = "<group>"; };
		288876441719CC1D00DE7C72 /* Macros.h */ = {isa = PBXFileReference; fileEncoding = 4; lastKnownFileType = sourcecode.c.h; path = Macros.h; sourceTree = "<group>"; };
		288876451719CC1D00DE7C72 /* NSArray+Sidekick.h */ = {isa = PBXFileReference; fileEncoding = 4; lastKnownFileType = sourcecode.c.h; path = "NSArray+Sidekick.h"; sourceTree = "<group>"; };
		288876461719CC1D00DE7C72 /* NSArray+Sidekick.m */ = {isa = PBXFileReference; fileEncoding = 4; lastKnownFileType = sourcecode.c.objc; path = "NSArray+Sidekick.m"; sourceTree = "<group>"; };
		288876471719CC1D00DE7C72 /* NSDate+Sidekick.h */ = {isa = PBXFileReference; fileEncoding = 4; lastKnownFileType = sourcecode.c.h; path = "NSDate+Sidekick.h"; sourceTree = "<group>"; };
		288876481719CC1D00DE7C72 /* NSDate+Sidekick.m */ = {isa = PBXFileReference; fileEncoding = 4; lastKnownFileType = sourcecode.c.objc; path = "NSDate+Sidekick.m"; sourceTree = "<group>"; };
		288876491719CC1D00DE7C72 /* NSString+Sidekick.h */ = {isa = PBXFileReference; fileEncoding = 4; lastKnownFileType = sourcecode.c.h; path = "NSString+Sidekick.h"; sourceTree = "<group>"; };
		2888764A1719CC1D00DE7C72 /* NSString+Sidekick.m */ = {isa = PBXFileReference; fileEncoding = 4; lastKnownFileType = sourcecode.c.objc; path = "NSString+Sidekick.m"; sourceTree = "<group>"; };
		2888764B1719CC1D00DE7C72 /* Sidekick.h */ = {isa = PBXFileReference; fileEncoding = 4; lastKnownFileType = sourcecode.c.h; path = Sidekick.h; sourceTree = "<group>"; };
		2888764C1719CC1D00DE7C72 /* UIColor+Sidekick.h */ = {isa = PBXFileReference; fileEncoding = 4; lastKnownFileType = sourcecode.c.h; path = "UIColor+Sidekick.h"; sourceTree = "<group>"; };
		2888764D1719CC1D00DE7C72 /* UIColor+Sidekick.m */ = {isa = PBXFileReference; fileEncoding = 4; lastKnownFileType = sourcecode.c.objc; path = "UIColor+Sidekick.m"; sourceTree = "<group>"; };
		2888764E1719CC1D00DE7C72 /* UIView+Sidekick.h */ = {isa = PBXFileReference; fileEncoding = 4; lastKnownFileType = sourcecode.c.h; path = "UIView+Sidekick.h"; sourceTree = "<group>"; };
		2888764F1719CC1D00DE7C72 /* UIView+Sidekick.m */ = {isa = PBXFileReference; fileEncoding = 4; lastKnownFileType = sourcecode.c.objc; path = "UIView+Sidekick.m"; sourceTree = "<group>"; };
		288876561719CDAB00DE7C72 /* ArrayTest.m */ = {isa = PBXFileReference; fileEncoding = 4; lastKnownFileType = sourcecode.c.objc; path = ArrayTest.m; sourceTree = "<group>"; };
		288876591719D3B400DE7C72 /* MacrosTest.m */ = {isa = PBXFileReference; fileEncoding = 4; lastKnownFileType = sourcecode.c.objc; path = MacrosTest.m; sourceTree = "<group>"; };
		2888765B17218DA500DE7C72 /* StringTest.m */ = {isa = PBXFileReference; fileEncoding = 4; lastKnownFileType = sourcecode.c.objc; path = StringTest.m; sourceTree = "<group>"; };
		288876601721A8F000DE7C72 /* DateTest.m */ = {isa = PBXFileReference; fileEncoding = 4; lastKnownFileType = sourcecode.c.objc; path = DateTest.m; sourceTree = "<group>"; };
		28C2FCC317196762006F462D /* Sidekick.app */ = {isa = PBXFileReference; explicitFileType = wrapper.application; includeInIndex = 0; path = Sidekick.app; sourceTree = BUILT_PRODUCTS_DIR; };
		28C2FCC617196762006F462D /* UIKit.framework */ = {isa = PBXFileReference; lastKnownFileType = wrapper.framework; name = UIKit.framework; path = System/Library/Frameworks/UIKit.framework; sourceTree = SDKROOT; };
		28C2FCC817196762006F462D /* Foundation.framework */ = {isa = PBXFileReference; lastKnownFileType = wrapper.framework; name = Foundation.framework; path = System/Library/Frameworks/Foundation.framework; sourceTree = SDKROOT; };
		28C2FCCA17196762006F462D /* CoreGraphics.framework */ = {isa = PBXFileReference; lastKnownFileType = wrapper.framework; name = CoreGraphics.framework; path = System/Library/Frameworks/CoreGraphics.framework; sourceTree = SDKROOT; };
		4C6AD08286DD48A88CDB243B /* Pods.xcconfig */ = {isa = PBXFileReference; includeInIndex = 1; lastKnownFileType = text.xcconfig; name = Pods.xcconfig; path = Pods/Pods.xcconfig; sourceTree = SOURCE_ROOT; };
		AF7D85E636164614B9AAA307 /* libPods.a */ = {isa = PBXFileReference; explicitFileType = archive.ar; includeInIndex = 0; path = libPods.a; sourceTree = BUILT_PRODUCTS_DIR; };
/* End PBXFileReference section */

/* Begin PBXFrameworksBuildPhase section */
		28C2FCC017196761006F462D /* Frameworks */ = {
			isa = PBXFrameworksBuildPhase;
			buildActionMask = 2147483647;
			files = (
				28C2FCC717196762006F462D /* UIKit.framework in Frameworks */,
				28C2FCC917196762006F462D /* Foundation.framework in Frameworks */,
				28C2FCCB17196762006F462D /* CoreGraphics.framework in Frameworks */,
				B93C285D21A7458DBD6BD344 /* libPods.a in Frameworks */,
			);
			runOnlyForDeploymentPostprocessing = 0;
		};
/* End PBXFrameworksBuildPhase section */

/* Begin PBXGroup section */
		288876191719B38900DE7C72 /* Tests */ = {
			isa = PBXGroup;
			children = (
				288876561719CDAB00DE7C72 /* ArrayTest.m */,
				2888765B17218DA500DE7C72 /* StringTest.m */,
				288876591719D3B400DE7C72 /* MacrosTest.m */,
				288876601721A8F000DE7C72 /* DateTest.m */,
				2888762B1719B3B500DE7C72 /* Supporting files */,
			);
			path = Tests;
			sourceTree = "<group>";
		};
		2888762B1719B3B500DE7C72 /* Supporting files */ = {
			isa = PBXGroup;
			children = (
				2888761C1719B38900DE7C72 /* Default-568h@2x.png */,
				2888761D1719B38900DE7C72 /* Default.png */,
				2888761E1719B38900DE7C72 /* Default@2x.png */,
				2888761F1719B38900DE7C72 /* InfoPlist.strings */,
				288876211719B38900DE7C72 /* main.m */,
				288876221719B38900DE7C72 /* Sidekick-Info.plist */,
				288876231719B38900DE7C72 /* Sidekick-Prefix.pch */,
			);
			name = "Supporting files";
			sourceTree = "<group>";
		};
		288876411719CC1D00DE7C72 /* Sidekick */ = {
			isa = PBXGroup;
			children = (
				2888764B1719CC1D00DE7C72 /* Sidekick.h */,
				288876421719CC1D00DE7C72 /* Functions.h */,
				288876431719CC1D00DE7C72 /* Functions.m */,
				288876441719CC1D00DE7C72 /* Macros.h */,
				288876451719CC1D00DE7C72 /* NSArray+Sidekick.h */,
				288876461719CC1D00DE7C72 /* NSArray+Sidekick.m */,
				288876471719CC1D00DE7C72 /* NSDate+Sidekick.h */,
				288876481719CC1D00DE7C72 /* NSDate+Sidekick.m */,
				288876491719CC1D00DE7C72 /* NSString+Sidekick.h */,
				2888764A1719CC1D00DE7C72 /* NSString+Sidekick.m */,
				2888764C1719CC1D00DE7C72 /* UIColor+Sidekick.h */,
				2888764D1719CC1D00DE7C72 /* UIColor+Sidekick.m */,
				2888764E1719CC1D00DE7C72 /* UIView+Sidekick.h */,
				2888764F1719CC1D00DE7C72 /* UIView+Sidekick.m */,
			);
			path = Sidekick;
			sourceTree = "<group>";
		};
		28C2FCBA17196761006F462D = {
			isa = PBXGroup;
			children = (
				288876411719CC1D00DE7C72 /* Sidekick */,
				288876191719B38900DE7C72 /* Tests */,
				28C2FCC517196762006F462D /* Frameworks */,
				28C2FCC417196762006F462D /* Products */,
				4C6AD08286DD48A88CDB243B /* Pods.xcconfig */,
			);
			sourceTree = "<group>";
		};
		28C2FCC417196762006F462D /* Products */ = {
			isa = PBXGroup;
			children = (
				28C2FCC317196762006F462D /* Sidekick.app */,
			);
			name = Products;
			sourceTree = "<group>";
		};
		28C2FCC517196762006F462D /* Frameworks */ = {
			isa = PBXGroup;
			children = (
				28C2FCC617196762006F462D /* UIKit.framework */,
				28C2FCC817196762006F462D /* Foundation.framework */,
				28C2FCCA17196762006F462D /* CoreGraphics.framework */,
				AF7D85E636164614B9AAA307 /* libPods.a */,
			);
			name = Frameworks;
			sourceTree = "<group>";
		};
/* End PBXGroup section */

/* Begin PBXNativeTarget section */
		28C2FCC217196761006F462D /* Sidekick */ = {
			isa = PBXNativeTarget;
			buildConfigurationList = 28C2FCE017196762006F462D /* Build configuration list for PBXNativeTarget "Sidekick" */;
			buildPhases = (
				28C2FCBF17196761006F462D /* Sources */,
				28C2FCC017196761006F462D /* Frameworks */,
				28C2FCC117196761006F462D /* Resources */,
				13DC62C3C9F441B99FA9595D /* Copy Pods Resources */,
			);
			buildRules = (
			);
			dependencies = (
			);
			name = Sidekick;
			productName = Sidekick;
			productReference = 28C2FCC317196762006F462D /* Sidekick.app */;
			productType = "com.apple.product-type.application";
		};
/* End PBXNativeTarget section */

/* Begin PBXProject section */
		28C2FCBB17196761006F462D /* Project object */ = {
			isa = PBXProject;
			attributes = {
				LastUpgradeCheck = 0460;
				ORGANIZATIONNAME = "Markus Kauppila";
			};
			buildConfigurationList = 28C2FCBE17196761006F462D /* Build configuration list for PBXProject "Sidekick" */;
			compatibilityVersion = "Xcode 3.2";
			developmentRegion = English;
			hasScannedForEncodings = 0;
			knownRegions = (
				en,
			);
			mainGroup = 28C2FCBA17196761006F462D;
			productRefGroup = 28C2FCC417196762006F462D /* Products */;
			projectDirPath = "";
			projectRoot = "";
			targets = (
				28C2FCC217196761006F462D /* Sidekick */,
			);
		};
/* End PBXProject section */

/* Begin PBXResourcesBuildPhase section */
		28C2FCC117196761006F462D /* Resources */ = {
			isa = PBXResourcesBuildPhase;
			buildActionMask = 2147483647;
			files = (
				288876251719B38900DE7C72 /* Default-568h@2x.png in Resources */,
				288876261719B38900DE7C72 /* Default.png in Resources */,
				288876271719B38900DE7C72 /* Default@2x.png in Resources */,
				288876281719B38900DE7C72 /* InfoPlist.strings in Resources */,
				2888762A1719B38900DE7C72 /* Sidekick-Info.plist in Resources */,
				288876571719CDAB00DE7C72 /* ArrayTest.m in Resources */,
			);
			runOnlyForDeploymentPostprocessing = 0;
		};
/* End PBXResourcesBuildPhase section */

/* Begin PBXShellScriptBuildPhase section */
		13DC62C3C9F441B99FA9595D /* Copy Pods Resources */ = {
			isa = PBXShellScriptBuildPhase;
			buildActionMask = 2147483647;
			files = (
			);
			inputPaths = (
			);
			name = "Copy Pods Resources";
			outputPaths = (
			);
			runOnlyForDeploymentPostprocessing = 0;
			shellPath = /bin/sh;
			shellScript = "\"${SRCROOT}/Pods/Pods-resources.sh\"\n";
		};
/* End PBXShellScriptBuildPhase section */

/* Begin PBXSourcesBuildPhase section */
		28C2FCBF17196761006F462D /* Sources */ = {
			isa = PBXSourcesBuildPhase;
			buildActionMask = 2147483647;
			files = (
				288876291719B38900DE7C72 /* main.m in Sources */,
				288876501719CC1D00DE7C72 /* Functions.m in Sources */,
				288876511719CC1D00DE7C72 /* NSArray+Sidekick.m in Sources */,
				288876521719CC1D00DE7C72 /* NSDate+Sidekick.m in Sources */,
				288876531719CC1D00DE7C72 /* NSString+Sidekick.m in Sources */,
				288876541719CC1D00DE7C72 /* UIColor+Sidekick.m in Sources */,
				288876551719CC1D00DE7C72 /* UIView+Sidekick.m in Sources */,
				288876581719CDBD00DE7C72 /* ArrayTest.m in Sources */,
				2888765A1719D3B400DE7C72 /* MacrosTest.m in Sources */,
				2888765C17218DA500DE7C72 /* StringTest.m in Sources */,
				288876611721A8F000DE7C72 /* DateTest.m in Sources */,
			);
			runOnlyForDeploymentPostprocessing = 0;
		};
/* End PBXSourcesBuildPhase section */

/* Begin PBXVariantGroup section */
		2888761F1719B38900DE7C72 /* InfoPlist.strings */ = {
			isa = PBXVariantGroup;
			children = (
				288876201719B38900DE7C72 /* en */,
			);
			name = InfoPlist.strings;
			sourceTree = "<group>";
		};
/* End PBXVariantGroup section */

/* Begin XCBuildConfiguration section */
		28C2FCDE17196762006F462D /* Debug */ = {
			isa = XCBuildConfiguration;
			buildSettings = {
				ALWAYS_SEARCH_USER_PATHS = NO;
				CLANG_CXX_LANGUAGE_STANDARD = "gnu++0x";
				CLANG_CXX_LIBRARY = "libc++";
				CLANG_WARN_CONSTANT_CONVERSION = YES;
				CLANG_WARN_EMPTY_BODY = YES;
				CLANG_WARN_ENUM_CONVERSION = YES;
				CLANG_WARN_INT_CONVERSION = YES;
				CLANG_WARN__DUPLICATE_METHOD_MATCH = YES;
				"CODE_SIGN_IDENTITY[sdk=iphoneos*]" = "iPhone Developer";
				COPY_PHASE_STRIP = NO;
				GCC_C_LANGUAGE_STANDARD = gnu99;
				GCC_DYNAMIC_NO_PIC = NO;
				GCC_OPTIMIZATION_LEVEL = 0;
				GCC_PREPROCESSOR_DEFINITIONS = (
					"DEBUG=1",
					"$(inherited)",
				);
				GCC_SYMBOLS_PRIVATE_EXTERN = NO;
				GCC_WARN_ABOUT_RETURN_TYPE = YES;
				GCC_WARN_UNINITIALIZED_AUTOS = YES;
				GCC_WARN_UNUSED_VARIABLE = YES;
				IPHONEOS_DEPLOYMENT_TARGET = 6.1;
				ONLY_ACTIVE_ARCH = YES;
				SDKROOT = iphoneos;
				TARGETED_DEVICE_FAMILY = "1,2";
			};
			name = Debug;
		};
		28C2FCDF17196762006F462D /* Release */ = {
			isa = XCBuildConfiguration;
			buildSettings = {
				ALWAYS_SEARCH_USER_PATHS = NO;
				CLANG_CXX_LANGUAGE_STANDARD = "gnu++0x";
				CLANG_CXX_LIBRARY = "libc++";
				CLANG_WARN_CONSTANT_CONVERSION = YES;
				CLANG_WARN_EMPTY_BODY = YES;
				CLANG_WARN_ENUM_CONVERSION = YES;
				CLANG_WARN_INT_CONVERSION = YES;
				CLANG_WARN__DUPLICATE_METHOD_MATCH = YES;
				"CODE_SIGN_IDENTITY[sdk=iphoneos*]" = "iPhone Developer";
				COPY_PHASE_STRIP = YES;
				GCC_C_LANGUAGE_STANDARD = gnu99;
				GCC_WARN_ABOUT_RETURN_TYPE = YES;
				GCC_WARN_UNINITIALIZED_AUTOS = YES;
				GCC_WARN_UNUSED_VARIABLE = YES;
				IPHONEOS_DEPLOYMENT_TARGET = 6.1;
				OTHER_CFLAGS = "-DNS_BLOCK_ASSERTIONS=1";
				SDKROOT = iphoneos;
				TARGETED_DEVICE_FAMILY = "1,2";
				VALIDATE_PRODUCT = YES;
			};
			name = Release;
		};
		28C2FCE117196762006F462D /* Debug */ = {
			isa = XCBuildConfiguration;
			baseConfigurationReference = 4C6AD08286DD48A88CDB243B /* Pods.xcconfig */;
			buildSettings = {
				GCC_PRECOMPILE_PREFIX_HEADER = YES;
				GCC_PREFIX_HEADER = "Tests/Sidekick-Prefix.pch";
				INFOPLIST_FILE = "Tests/Sidekick-Info.plist";
				PRODUCT_NAME = "$(TARGET_NAME)";
				WRAPPER_EXTENSION = app;
			};
			name = Debug;
		};
		28C2FCE217196762006F462D /* Release */ = {
			isa = XCBuildConfiguration;
			baseConfigurationReference = 4C6AD08286DD48A88CDB243B /* Pods.xcconfig */;
			buildSettings = {
				GCC_PRECOMPILE_PREFIX_HEADER = YES;
				GCC_PREFIX_HEADER = "Tests/Sidekick-Prefix.pch";
				INFOPLIST_FILE = "Tests/Sidekick-Info.plist";
				PRODUCT_NAME = "$(TARGET_NAME)";
				WRAPPER_EXTENSION = app;
			};
			name = Release;
		};
/* End XCBuildConfiguration section */

/* Begin XCConfigurationList section */
		28C2FCBE17196761006F462D /* Build configuration list for PBXProject "Sidekick" */ = {
			isa = XCConfigurationList;
			buildConfigurations = (
				28C2FCDE17196762006F462D /* Debug */,
				28C2FCDF17196762006F462D /* Release */,
			);
			defaultConfigurationIsVisible = 0;
			defaultConfigurationName = Release;
		};
		28C2FCE017196762006F462D /* Build configuration list for PBXNativeTarget "Sidekick" */ = {
			isa = XCConfigurationList;
			buildConfigurations = (
				28C2FCE117196762006F462D /* Debug */,
				28C2FCE217196762006F462D /* Release */,
			);
			defaultConfigurationIsVisible = 0;
			defaultConfigurationName = Release;
		};
/* End XCConfigurationList section */
	};
	rootObject = 28C2FCBB17196761006F462D /* Project object */;
}
