// !$*UTF8*$!
{
	archiveVersion = 1;
	classes = {
	};
	objectVersion = 46;
	objects = {

/* Begin PBXBuildFile section */
		28C2FCC717196762006F462D /* UIKit.framework in Frameworks */ = {isa = PBXBuildFile; fileRef = 28C2FCC617196762006F462D /* UIKit.framework */; };
		28C2FCC917196762006F462D /* Foundation.framework in Frameworks */ = {isa = PBXBuildFile; fileRef = 28C2FCC817196762006F462D /* Foundation.framework */; };
		28C2FCCB17196762006F462D /* CoreGraphics.framework in Frameworks */ = {isa = PBXBuildFile; fileRef = 28C2FCCA17196762006F462D /* CoreGraphics.framework */; };
		28C2FCD117196762006F462D /* InfoPlist.strings in Resources */ = {isa = PBXBuildFile; fileRef = 28C2FCCF17196762006F462D /* InfoPlist.strings */; };
		28C2FCD317196762006F462D /* main.m in Sources */ = {isa = PBXBuildFile; fileRef = 28C2FCD217196762006F462D /* main.m */; };
		28C2FCD717196762006F462D /* AppDelegate.m in Sources */ = {isa = PBXBuildFile; fileRef = 28C2FCD617196762006F462D /* AppDelegate.m */; };
		28C2FCD917196762006F462D /* Default.png in Resources */ = {isa = PBXBuildFile; fileRef = 28C2FCD817196762006F462D /* Default.png */; };
		28C2FCDB17196762006F462D /* Default@2x.png in Resources */ = {isa = PBXBuildFile; fileRef = 28C2FCDA17196762006F462D /* Default@2x.png */; };
		28C2FCDD17196762006F462D /* Default-568h@2x.png in Resources */ = {isa = PBXBuildFile; fileRef = 28C2FCDC17196762006F462D /* Default-568h@2x.png */; };
/* End PBXBuildFile section */

/* Begin PBXFileReference section */
		28C2FCC317196762006F462D /* Sidekick.app */ = {isa = PBXFileReference; explicitFileType = wrapper.application; includeInIndex = 0; path = Sidekick.app; sourceTree = BUILT_PRODUCTS_DIR; };
		28C2FCC617196762006F462D /* UIKit.framework */ = {isa = PBXFileReference; lastKnownFileType = wrapper.framework; name = UIKit.framework; path = System/Library/Frameworks/UIKit.framework; sourceTree = SDKROOT; };
		28C2FCC817196762006F462D /* Foundation.framework */ = {isa = PBXFileReference; lastKnownFileType = wrapper.framework; name = Foundation.framework; path = System/Library/Frameworks/Foundation.framework; sourceTree = SDKROOT; };
		28C2FCCA17196762006F462D /* CoreGraphics.framework */ = {isa = PBXFileReference; lastKnownFileType = wrapper.framework; name = CoreGraphics.framework; path = System/Library/Frameworks/CoreGraphics.framework; sourceTree = SDKROOT; };
		28C2FCCE17196762006F462D /* Sidekick-Info.plist */ = {isa = PBXFileReference; lastKnownFileType = text.plist.xml; path = "Sidekick-Info.plist"; sourceTree = "<group>"; };
		28C2FCD017196762006F462D /* en */ = {isa = PBXFileReference; lastKnownFileType = text.plist.strings; name = en; path = en.lproj/InfoPlist.strings; sourceTree = "<group>"; };
		28C2FCD217196762006F462D /* main.m */ = {isa = PBXFileReference; lastKnownFileType = sourcecode.c.objc; path = main.m; sourceTree = "<group>"; };
		28C2FCD417196762006F462D /* Sidekick-Prefix.pch */ = {isa = PBXFileReference; lastKnownFileType = sourcecode.c.h; path = "Sidekick-Prefix.pch"; sourceTree = "<group>"; };
		28C2FCD517196762006F462D /* AppDelegate.h */ = {isa = PBXFileReference; lastKnownFileType = sourcecode.c.h; path = AppDelegate.h; sourceTree = "<group>"; };
		28C2FCD617196762006F462D /* AppDelegate.m */ = {isa = PBXFileReference; lastKnownFileType = sourcecode.c.objc; path = AppDelegate.m; sourceTree = "<group>"; };
		28C2FCD817196762006F462D /* Default.png */ = {isa = PBXFileReference; lastKnownFileType = image.png; path = Default.png; sourceTree = "<group>"; };
		28C2FCDA17196762006F462D /* Default@2x.png */ = {isa = PBXFileReference; lastKnownFileType = image.png; path = "Default@2x.png"; sourceTree = "<group>"; };
		28C2FCDC17196762006F462D /* Default-568h@2x.png */ = {isa = PBXFileReference; lastKnownFileType = image.png; path = "Default-568h@2x.png"; sourceTree = "<group>"; };
/* End PBXFileReference section */

/* Begin PBXFrameworksBuildPhase section */
		28C2FCC017196761006F462D /* Frameworks */ = {
			isa = PBXFrameworksBuildPhase;
			buildActionMask = 2147483647;
			files = (
				28C2FCC717196762006F462D /* UIKit.framework in Frameworks */,
				28C2FCC917196762006F462D /* Foundation.framework in Frameworks */,
				28C2FCCB17196762006F462D /* CoreGraphics.framework in Frameworks */,
			);
			runOnlyForDeploymentPostprocessing = 0;
		};
/* End PBXFrameworksBuildPhase section */

/* Begin PBXGroup section */
		28C2FCBA17196761006F462D = {
			isa = PBXGroup;
			children = (
				28C2FCCC17196762006F462D /* Sidekick */,
				28C2FCC517196762006F462D /* Frameworks */,
				28C2FCC417196762006F462D /* Products */,
			);
			sourceTree = "<group>";
		};
		28C2FCC417196762006F462D /* Products */ = {
			isa = PBXGroup;
			children = (
				28C2FCC317196762006F462D /* Sidekick.app */,
			);
			name = Products;
			sourceTree = "<group>";
		};
		28C2FCC517196762006F462D /* Frameworks */ = {
			isa = PBXGroup;
			children = (
				28C2FCC617196762006F462D /* UIKit.framework */,
				28C2FCC817196762006F462D /* Foundation.framework */,
				28C2FCCA17196762006F462D /* CoreGraphics.framework */,
			);
			name = Frameworks;
			sourceTree = "<group>";
		};
		28C2FCCC17196762006F462D /* Sidekick */ = {
			isa = PBXGroup;
			children = (
				28C2FCD517196762006F462D /* AppDelegate.h */,
				28C2FCD617196762006F462D /* AppDelegate.m */,
				28C2FCCD17196762006F462D /* Supporting Files */,
			);
			path = Sidekick;
			sourceTree = "<group>";
		};
		28C2FCCD17196762006F462D /* Supporting Files */ = {
			isa = PBXGroup;
			children = (
				28C2FCCE17196762006F462D /* Sidekick-Info.plist */,
				28C2FCCF17196762006F462D /* InfoPlist.strings */,
				28C2FCD217196762006F462D /* main.m */,
				28C2FCD417196762006F462D /* Sidekick-Prefix.pch */,
				28C2FCD817196762006F462D /* Default.png */,
				28C2FCDA17196762006F462D /* Default@2x.png */,
				28C2FCDC17196762006F462D /* Default-568h@2x.png */,
			);
			name = "Supporting Files";
			sourceTree = "<group>";
		};
/* End PBXGroup section */

/* Begin PBXNativeTarget section */
		28C2FCC217196761006F462D /* Sidekick */ = {
			isa = PBXNativeTarget;
			buildConfigurationList = 28C2FCE017196762006F462D /* Build configuration list for PBXNativeTarget "Sidekick" */;
			buildPhases = (
				28C2FCBF17196761006F462D /* Sources */,
				28C2FCC017196761006F462D /* Frameworks */,
				28C2FCC117196761006F462D /* Resources */,
			);
			buildRules = (
			);
			dependencies = (
			);
			name = Sidekick;
			productName = Sidekick;
			productReference = 28C2FCC317196762006F462D /* Sidekick.app */;
			productType = "com.apple.product-type.application";
		};
/* End PBXNativeTarget section */

/* Begin PBXProject section */
		28C2FCBB17196761006F462D /* Project object */ = {
			isa = PBXProject;
			attributes = {
				LastUpgradeCheck = 0460;
				ORGANIZATIONNAME = "Markus Kauppila";
			};
			buildConfigurationList = 28C2FCBE17196761006F462D /* Build configuration list for PBXProject "Sidekick" */;
			compatibilityVersion = "Xcode 3.2";
			developmentRegion = English;
			hasScannedForEncodings = 0;
			knownRegions = (
				en,
			);
			mainGroup = 28C2FCBA17196761006F462D;
			productRefGroup = 28C2FCC417196762006F462D /* Products */;
			projectDirPath = "";
			projectRoot = "";
			targets = (
				28C2FCC217196761006F462D /* Sidekick */,
			);
		};
/* End PBXProject section */

/* Begin PBXResourcesBuildPhase section */
		28C2FCC117196761006F462D /* Resources */ = {
			isa = PBXResourcesBuildPhase;
			buildActionMask = 2147483647;
			files = (
				28C2FCD117196762006F462D /* InfoPlist.strings in Resources */,
				28C2FCD917196762006F462D /* Default.png in Resources */,
				28C2FCDB17196762006F462D /* Default@2x.png in Resources */,
				28C2FCDD17196762006F462D /* Default-568h@2x.png in Resources */,
			);
			runOnlyForDeploymentPostprocessing = 0;
		};
/* End PBXResourcesBuildPhase section */

/* Begin PBXSourcesBuildPhase section */
		28C2FCBF17196761006F462D /* Sources */ = {
			isa = PBXSourcesBuildPhase;
			buildActionMask = 2147483647;
			files = (
				28C2FCD317196762006F462D /* main.m in Sources */,
				28C2FCD717196762006F462D /* AppDelegate.m in Sources */,
			);
			runOnlyForDeploymentPostprocessing = 0;
		};
/* End PBXSourcesBuildPhase section */

/* Begin PBXVariantGroup section */
		28C2FCCF17196762006F462D /* InfoPlist.strings */ = {
			isa = PBXVariantGroup;
			children = (
				28C2FCD017196762006F462D /* en */,
			);
			name = InfoPlist.strings;
			sourceTree = "<group>";
		};
/* End PBXVariantGroup section */

/* Begin XCBuildConfiguration section */
		28C2FCDE17196762006F462D /* Debug */ = {
			isa = XCBuildConfiguration;
			buildSettings = {
				ALWAYS_SEARCH_USER_PATHS = NO;
				CLANG_CXX_LANGUAGE_STANDARD = "gnu++0x";
				CLANG_CXX_LIBRARY = "libc++";
				CLANG_WARN_CONSTANT_CONVERSION = YES;
				CLANG_WARN_EMPTY_BODY = YES;
				CLANG_WARN_ENUM_CONVERSION = YES;
				CLANG_WARN_INT_CONVERSION = YES;
				CLANG_WARN__DUPLICATE_METHOD_MATCH = YES;
				"CODE_SIGN_IDENTITY[sdk=iphoneos*]" = "iPhone Developer";
				COPY_PHASE_STRIP = NO;
				GCC_C_LANGUAGE_STANDARD = gnu99;
				GCC_DYNAMIC_NO_PIC = NO;
				GCC_OPTIMIZATION_LEVEL = 0;
				GCC_PREPROCESSOR_DEFINITIONS = (
					"DEBUG=1",
					"$(inherited)",
				);
				GCC_SYMBOLS_PRIVATE_EXTERN = NO;
				GCC_WARN_ABOUT_RETURN_TYPE = YES;
				GCC_WARN_UNINITIALIZED_AUTOS = YES;
				GCC_WARN_UNUSED_VARIABLE = YES;
				IPHONEOS_DEPLOYMENT_TARGET = 6.1;
				ONLY_ACTIVE_ARCH = YES;
				SDKROOT = iphoneos;
				TARGETED_DEVICE_FAMILY = "1,2";
			};
			name = Debug;
		};
		28C2FCDF17196762006F462D /* Release */ = {
			isa = XCBuildConfiguration;
			buildSettings = {
				ALWAYS_SEARCH_USER_PATHS = NO;
				CLANG_CXX_LANGUAGE_STANDARD = "gnu++0x";
				CLANG_CXX_LIBRARY = "libc++";
				CLANG_WARN_CONSTANT_CONVERSION = YES;
				CLANG_WARN_EMPTY_BODY = YES;
				CLANG_WARN_ENUM_CONVERSION = YES;
				CLANG_WARN_INT_CONVERSION = YES;
				CLANG_WARN__DUPLICATE_METHOD_MATCH = YES;
				"CODE_SIGN_IDENTITY[sdk=iphoneos*]" = "iPhone Developer";
				COPY_PHASE_STRIP = YES;
				GCC_C_LANGUAGE_STANDARD = gnu99;
				GCC_WARN_ABOUT_RETURN_TYPE = YES;
				GCC_WARN_UNINITIALIZED_AUTOS = YES;
				GCC_WARN_UNUSED_VARIABLE = YES;
				IPHONEOS_DEPLOYMENT_TARGET = 6.1;
				OTHER_CFLAGS = "-DNS_BLOCK_ASSERTIONS=1";
				SDKROOT = iphoneos;
				TARGETED_DEVICE_FAMILY = "1,2";
				VALIDATE_PRODUCT = YES;
			};
			name = Release;
		};
		28C2FCE117196762006F462D /* Debug */ = {
			isa = XCBuildConfiguration;
			buildSettings = {
				GCC_PRECOMPILE_PREFIX_HEADER = YES;
				GCC_PREFIX_HEADER = "Sidekick/Sidekick-Prefix.pch";
				INFOPLIST_FILE = "Sidekick/Sidekick-Info.plist";
				PRODUCT_NAME = "$(TARGET_NAME)";
				WRAPPER_EXTENSION = app;
			};
			name = Debug;
		};
		28C2FCE217196762006F462D /* Release */ = {
			isa = XCBuildConfiguration;
			buildSettings = {
				GCC_PRECOMPILE_PREFIX_HEADER = YES;
				GCC_PREFIX_HEADER = "Sidekick/Sidekick-Prefix.pch";
				INFOPLIST_FILE = "Sidekick/Sidekick-Info.plist";
				PRODUCT_NAME = "$(TARGET_NAME)";
				WRAPPER_EXTENSION = app;
			};
			name = Release;
		};
/* End XCBuildConfiguration section */

/* Begin XCConfigurationList section */
		28C2FCBE17196761006F462D /* Build configuration list for PBXProject "Sidekick" */ = {
			isa = XCConfigurationList;
			buildConfigurations = (
				28C2FCDE17196762006F462D /* Debug */,
				28C2FCDF17196762006F462D /* Release */,
			);
			defaultConfigurationIsVisible = 0;
			defaultConfigurationName = Release;
		};
		28C2FCE017196762006F462D /* Build configuration list for PBXNativeTarget "Sidekick" */ = {
			isa = XCConfigurationList;
			buildConfigurations = (
				28C2FCE117196762006F462D /* Debug */,
				28C2FCE217196762006F462D /* Release */,
			);
			defaultConfigurationIsVisible = 0;
		};
/* End XCConfigurationList section */
	};
	rootObject = 28C2FCBB17196761006F462D /* Project object */;
}
